// !$*UTF8*$!
{
	archiveVersion = 1;
	classes = {
	};
	objectVersion = 50;
	objects = {

/* Begin PBXBuildFile section */
		93045A532264D33700FB3602 /* AppDelegate.swift in Sources */ = {isa = PBXBuildFile; fileRef = 93045A522264D33700FB3602 /* AppDelegate.swift */; };
		93045A552264D33700FB3602 /* ViewController.swift in Sources */ = {isa = PBXBuildFile; fileRef = 93045A542264D33700FB3602 /* ViewController.swift */; };
		93045A582264D33700FB3602 /* Main.storyboard in Resources */ = {isa = PBXBuildFile; fileRef = 93045A562264D33700FB3602 /* Main.storyboard */; };
		93045A5A2264D33800FB3602 /* Assets.xcassets in Resources */ = {isa = PBXBuildFile; fileRef = 93045A592264D33800FB3602 /* Assets.xcassets */; };
		93045A5D2264D33800FB3602 /* LaunchScreen.storyboard in Resources */ = {isa = PBXBuildFile; fileRef = 93045A5B2264D33800FB3602 /* LaunchScreen.storyboard */; };
		93045A6A2264D42900FB3602 /* ImageModel.swift in Sources */ = {isa = PBXBuildFile; fileRef = 93045A692264D42900FB3602 /* ImageModel.swift */; };
		93045A6C2264D50A00FB3602 /* DataService.swift in Sources */ = {isa = PBXBuildFile; fileRef = 93045A6B2264D50900FB3602 /* DataService.swift */; };
		93045A6E2264DA3300FB3602 /* ImageDownloadService.swift in Sources */ = {isa = PBXBuildFile; fileRef = 93045A6D2264DA3300FB3602 /* ImageDownloadService.swift */; };
/* End PBXBuildFile section */

/* Begin PBXFileReference section */
		93045A4F2264D33700FB3602 /* PhotoAlbum.app */ = {isa = PBXFileReference; explicitFileType = wrapper.application; includeInIndex = 0; path = PhotoAlbum.app; sourceTree = BUILT_PRODUCTS_DIR; };
		93045A522264D33700FB3602 /* AppDelegate.swift */ = {isa = PBXFileReference; lastKnownFileType = sourcecode.swift; path = AppDelegate.swift; sourceTree = "<group>"; };
		93045A542264D33700FB3602 /* ViewController.swift */ = {isa = PBXFileReference; lastKnownFileType = sourcecode.swift; path = ViewController.swift; sourceTree = "<group>"; };
		93045A572264D33700FB3602 /* Base */ = {isa = PBXFileReference; lastKnownFileType = file.storyboard; name = Base; path = Base.lproj/Main.storyboard; sourceTree = "<group>"; };
		93045A592264D33800FB3602 /* Assets.xcassets */ = {isa = PBXFileReference; lastKnownFileType = folder.assetcatalog; path = Assets.xcassets; sourceTree = "<group>"; };
		93045A5C2264D33800FB3602 /* Base */ = {isa = PBXFileReference; lastKnownFileType = file.storyboard; name = Base; path = Base.lproj/LaunchScreen.storyboard; sourceTree = "<group>"; };
		93045A5E2264D33800FB3602 /* Info.plist */ = {isa = PBXFileReference; lastKnownFileType = text.plist.xml; path = Info.plist; sourceTree = "<group>"; };
		93045A692264D42900FB3602 /* ImageModel.swift */ = {isa = PBXFileReference; lastKnownFileType = sourcecode.swift; path = ImageModel.swift; sourceTree = "<group>"; };
		93045A6B2264D50900FB3602 /* DataService.swift */ = {isa = PBXFileReference; lastKnownFileType = sourcecode.swift; path = DataService.swift; sourceTree = "<group>"; };
		93045A6D2264DA3300FB3602 /* ImageDownloadService.swift */ = {isa = PBXFileReference; lastKnownFileType = sourcecode.swift; path = ImageDownloadService.swift; sourceTree = "<group>"; };
/* End PBXFileReference section */

/* Begin PBXFrameworksBuildPhase section */
		93045A4C2264D33700FB3602 /* Frameworks */ = {
			isa = PBXFrameworksBuildPhase;
			buildActionMask = 2147483647;
			files = (
			);
			runOnlyForDeploymentPostprocessing = 0;
		};
/* End PBXFrameworksBuildPhase section */

/* Begin PBXGroup section */
		93045A462264D33700FB3602 = {
			isa = PBXGroup;
			children = (
				93045A512264D33700FB3602 /* PhotoAlbum */,
				93045A502264D33700FB3602 /* Products */,
			);
			sourceTree = "<group>";
		};
		93045A502264D33700FB3602 /* Products */ = {
			isa = PBXGroup;
			children = (
				93045A4F2264D33700FB3602 /* PhotoAlbum.app */,
			);
			name = Products;
			sourceTree = "<group>";
		};
		93045A512264D33700FB3602 /* PhotoAlbum */ = {
			isa = PBXGroup;
			children = (
				93045A642264D36200FB3602 /* Support */,
				93045A682264D37C00FB3602 /* Model */,
				93045A672264D37400FB3602 /* View */,
				93045A662264D36E00FB3602 /* Controller */,
				93045A652264D36800FB3602 /* Services */,
				93045A562264D33700FB3602 /* Main.storyboard */,
				93045A592264D33800FB3602 /* Assets.xcassets */,
				93045A5B2264D33800FB3602 /* LaunchScreen.storyboard */,
				93045A5E2264D33800FB3602 /* Info.plist */,
			);
			path = PhotoAlbum;
			sourceTree = "<group>";
		};
		93045A642264D36200FB3602 /* Support */ = {
			isa = PBXGroup;
			children = (
				93045A522264D33700FB3602 /* AppDelegate.swift */,
			);
			path = Support;
			sourceTree = "<group>";
		};
		93045A652264D36800FB3602 /* Services */ = {
			isa = PBXGroup;
			children = (
				93045A6B2264D50900FB3602 /* DataService.swift */,
			);
			path = Services;
			sourceTree = "<group>";
		};
		93045A662264D36E00FB3602 /* Controller */ = {
			isa = PBXGroup;
			children = (
				93045A542264D33700FB3602 /* ViewController.swift */,
			);
			path = Controller;
			sourceTree = "<group>";
		};
		93045A672264D37400FB3602 /* View */ = {
			isa = PBXGroup;
			children = (
			);
			path = View;
			sourceTree = "<group>";
		};
		93045A682264D37C00FB3602 /* Model */ = {
			isa = PBXGroup;
			children = (
				93045A692264D42900FB3602 /* ImageModel.swift */,
				93045A6D2264DA3300FB3602 /* ImageDownloadService.swift */,
			);
			path = Model;
			sourceTree = "<group>";
		};
/* End PBXGroup section */

/* Begin PBXNativeTarget section */
		93045A4E2264D33700FB3602 /* PhotoAlbum */ = {
			isa = PBXNativeTarget;
			buildConfigurationList = 93045A612264D33800FB3602 /* Build configuration list for PBXNativeTarget "PhotoAlbum" */;
			buildPhases = (
				93045A4B2264D33700FB3602 /* Sources */,
				93045A4C2264D33700FB3602 /* Frameworks */,
				93045A4D2264D33700FB3602 /* Resources */,
			);
			buildRules = (
			);
			dependencies = (
			);
			name = PhotoAlbum;
			productName = PhotoAlbum;
			productReference = 93045A4F2264D33700FB3602 /* PhotoAlbum.app */;
			productType = "com.apple.product-type.application";
		};
/* End PBXNativeTarget section */

/* Begin PBXProject section */
		93045A472264D33700FB3602 /* Project object */ = {
			isa = PBXProject;
			attributes = {
				LastSwiftUpdateCheck = 1020;
				LastUpgradeCheck = 1020;
				ORGANIZATIONNAME = Pigman;
				TargetAttributes = {
					93045A4E2264D33700FB3602 = {
						CreatedOnToolsVersion = 10.2;
					};
				};
			};
			buildConfigurationList = 93045A4A2264D33700FB3602 /* Build configuration list for PBXProject "PhotoAlbum" */;
			compatibilityVersion = "Xcode 9.3";
			developmentRegion = en;
			hasScannedForEncodings = 0;
			knownRegions = (
				en,
				Base,
			);
			mainGroup = 93045A462264D33700FB3602;
			productRefGroup = 93045A502264D33700FB3602 /* Products */;
			projectDirPath = "";
			projectRoot = "";
			targets = (
				93045A4E2264D33700FB3602 /* PhotoAlbum */,
			);
		};
/* End PBXProject section */

/* Begin PBXResourcesBuildPhase section */
		93045A4D2264D33700FB3602 /* Resources */ = {
			isa = PBXResourcesBuildPhase;
			buildActionMask = 2147483647;
			files = (
				93045A5D2264D33800FB3602 /* LaunchScreen.storyboard in Resources */,
				93045A5A2264D33800FB3602 /* Assets.xcassets in Resources */,
				93045A582264D33700FB3602 /* Main.storyboard in Resources */,
			);
			runOnlyForDeploymentPostprocessing = 0;
		};
/* End PBXResourcesBuildPhase section */

/* Begin PBXSourcesBuildPhase section */
		93045A4B2264D33700FB3602 /* Sources */ = {
			isa = PBXSourcesBuildPhase;
			buildActionMask = 2147483647;
			files = (
				93045A552264D33700FB3602 /* ViewController.swift in Sources */,
				93045A6A2264D42900FB3602 /* ImageModel.swift in Sources */,
				93045A6E2264DA3300FB3602 /* ImageDownloadService.swift in Sources */,
				93045A532264D33700FB3602 /* AppDelegate.swift in Sources */,
				93045A6C2264D50A00FB3602 /* DataService.swift in Sources */,
			);
			runOnlyForDeploymentPostprocessing = 0;
		};
/* End PBXSourcesBuildPhase section */

/* Begin PBXVariantGroup section */
		93045A562264D33700FB3602 /* Main.storyboard */ = {
			isa = PBXVariantGroup;
			children = (
				93045A572264D33700FB3602 /* Base */,
			);
			name = Main.storyboard;
			sourceTree = "<group>";
		};
		93045A5B2264D33800FB3602 /* LaunchScreen.storyboard */ = {
			isa = PBXVariantGroup;
			children = (
				93045A5C2264D33800FB3602 /* Base */,
			);
			name = LaunchScreen.storyboard;
			sourceTree = "<group>";
		};
/* End PBXVariantGroup section */

/* Begin XCBuildConfiguration section */
		93045A5F2264D33800FB3602 /* Debug */ = {
			isa = XCBuildConfiguration;
			buildSettings = {
				ALWAYS_SEARCH_USER_PATHS = NO;
				CLANG_ANALYZER_NONNULL = YES;
				CLANG_ANALYZER_NUMBER_OBJECT_CONVERSION = YES_AGGRESSIVE;
				CLANG_CXX_LANGUAGE_STANDARD = "gnu++14";
				CLANG_CXX_LIBRARY = "libc++";
				CLANG_ENABLE_MODULES = YES;
				CLANG_ENABLE_OBJC_ARC = YES;
				CLANG_ENABLE_OBJC_WEAK = YES;
				CLANG_WARN_BLOCK_CAPTURE_AUTORELEASING = YES;
				CLANG_WARN_BOOL_CONVERSION = YES;
				CLANG_WARN_COMMA = YES;
				CLANG_WARN_CONSTANT_CONVERSION = YES;
				CLANG_WARN_DEPRECATED_OBJC_IMPLEMENTATIONS = YES;
				CLANG_WARN_DIRECT_OBJC_ISA_USAGE = YES_ERROR;
				CLANG_WARN_DOCUMENTATION_COMMENTS = YES;
				CLANG_WARN_EMPTY_BODY = YES;
				CLANG_WARN_ENUM_CONVERSION = YES;
				CLANG_WARN_INFINITE_RECURSION = YES;
				CLANG_WARN_INT_CONVERSION = YES;
				CLANG_WARN_NON_LITERAL_NULL_CONVERSION = YES;
				CLANG_WARN_OBJC_IMPLICIT_RETAIN_SELF = YES;
				CLANG_WARN_OBJC_LITERAL_CONVERSION = YES;
				CLANG_WARN_OBJC_ROOT_CLASS = YES_ERROR;
				CLANG_WARN_RANGE_LOOP_ANALYSIS = YES;
				CLANG_WARN_STRICT_PROTOTYPES = YES;
				CLANG_WARN_SUSPICIOUS_MOVE = YES;
				CLANG_WARN_UNGUARDED_AVAILABILITY = YES_AGGRESSIVE;
				CLANG_WARN_UNREACHABLE_CODE = YES;
				CLANG_WARN__DUPLICATE_METHOD_MATCH = YES;
				CODE_SIGN_IDENTITY = "iPhone Developer";
				COPY_PHASE_STRIP = NO;
				DEBUG_INFORMATION_FORMAT = dwarf;
				ENABLE_STRICT_OBJC_MSGSEND = YES;
				ENABLE_TESTABILITY = YES;
				GCC_C_LANGUAGE_STANDARD = gnu11;
				GCC_DYNAMIC_NO_PIC = NO;
				GCC_NO_COMMON_BLOCKS = YES;
				GCC_OPTIMIZATION_LEVEL = 0;
				GCC_PREPROCESSOR_DEFINITIONS = (
					"DEBUG=1",
					"$(inherited)",
				);
				GCC_WARN_64_TO_32_BIT_CONVERSION = YES;
				GCC_WARN_ABOUT_RETURN_TYPE = YES_ERROR;
				GCC_WARN_UNDECLARED_SELECTOR = YES;
				GCC_WARN_UNINITIALIZED_AUTOS = YES_AGGRESSIVE;
				GCC_WARN_UNUSED_FUNCTION = YES;
				GCC_WARN_UNUSED_VARIABLE = YES;
				IPHONEOS_DEPLOYMENT_TARGET = 12.2;
				MTL_ENABLE_DEBUG_INFO = INCLUDE_SOURCE;
				MTL_FAST_MATH = YES;
				ONLY_ACTIVE_ARCH = YES;
				SDKROOT = iphoneos;
				SWIFT_ACTIVE_COMPILATION_CONDITIONS = DEBUG;
				SWIFT_OPTIMIZATION_LEVEL = "-Onone";
			};
			name = Debug;
		};
		93045A602264D33800FB3602 /* Release */ = {
			isa = XCBuildConfiguration;
			buildSettings = {
				ALWAYS_SEARCH_USER_PATHS = NO;
				CLANG_ANALYZER_NONNULL = YES;
				CLANG_ANALYZER_NUMBER_OBJECT_CONVERSION = YES_AGGRESSIVE;
				CLANG_CXX_LANGUAGE_STANDARD = "gnu++14";
				CLANG_CXX_LIBRARY = "libc++";
				CLANG_ENABLE_MODULES = YES;
				CLANG_ENABLE_OBJC_ARC = YES;
				CLANG_ENABLE_OBJC_WEAK = YES;
				CLANG_WARN_BLOCK_CAPTURE_AUTORELEASING = YES;
				CLANG_WARN_BOOL_CONVERSION = YES;
				CLANG_WARN_COMMA = YES;
				CLANG_WARN_CONSTANT_CONVERSION = YES;
				CLANG_WARN_DEPRECATED_OBJC_IMPLEMENTATIONS = YES;
				CLANG_WARN_DIRECT_OBJC_ISA_USAGE = YES_ERROR;
				CLANG_WARN_DOCUMENTATION_COMMENTS = YES;
				CLANG_WARN_EMPTY_BODY = YES;
				CLANG_WARN_ENUM_CONVERSION = YES;
				CLANG_WARN_INFINITE_RECURSION = YES;
				CLANG_WARN_INT_CONVERSION = YES;
				CLANG_WARN_NON_LITERAL_NULL_CONVERSION = YES;
				CLANG_WARN_OBJC_IMPLICIT_RETAIN_SELF = YES;
				CLANG_WARN_OBJC_LITERAL_CONVERSION = YES;
				CLANG_WARN_OBJC_ROOT_CLASS = YES_ERROR;
				CLANG_WARN_RANGE_LOOP_ANALYSIS = YES;
				CLANG_WARN_STRICT_PROTOTYPES = YES;
				CLANG_WARN_SUSPICIOUS_MOVE = YES;
				CLANG_WARN_UNGUARDED_AVAILABILITY = YES_AGGRESSIVE;
				CLANG_WARN_UNREACHABLE_CODE = YES;
				CLANG_WARN__DUPLICATE_METHOD_MATCH = YES;
				CODE_SIGN_IDENTITY = "iPhone Developer";
				COPY_PHASE_STRIP = NO;
				DEBUG_INFORMATION_FORMAT = "dwarf-with-dsym";
				ENABLE_NS_ASSERTIONS = NO;
				ENABLE_STRICT_OBJC_MSGSEND = YES;
				GCC_C_LANGUAGE_STANDARD = gnu11;
				GCC_NO_COMMON_BLOCKS = YES;
				GCC_WARN_64_TO_32_BIT_CONVERSION = YES;
				GCC_WARN_ABOUT_RETURN_TYPE = YES_ERROR;
				GCC_WARN_UNDECLARED_SELECTOR = YES;
				GCC_WARN_UNINITIALIZED_AUTOS = YES_AGGRESSIVE;
				GCC_WARN_UNUSED_FUNCTION = YES;
				GCC_WARN_UNUSED_VARIABLE = YES;
				IPHONEOS_DEPLOYMENT_TARGET = 12.2;
				MTL_ENABLE_DEBUG_INFO = NO;
				MTL_FAST_MATH = YES;
				SDKROOT = iphoneos;
				SWIFT_COMPILATION_MODE = wholemodule;
				SWIFT_OPTIMIZATION_LEVEL = "-O";
				VALIDATE_PRODUCT = YES;
			};
			name = Release;
		};
		93045A622264D33800FB3602 /* Debug */ = {
			isa = XCBuildConfiguration;
			buildSettings = {
				ASSETCATALOG_COMPILER_APPICON_NAME = AppIcon;
				CODE_SIGN_STYLE = Automatic;
				DEVELOPMENT_TEAM = K97249KR63;
				INFOPLIST_FILE = PhotoAlbum/Info.plist;
				LD_RUNPATH_SEARCH_PATHS = (
					"$(inherited)",
					"@executable_path/Frameworks",
				);
				PRODUCT_BUNDLE_IDENTIFIER = com.pigman.PhotoAlbum;
				PRODUCT_NAME = "$(TARGET_NAME)";
				SWIFT_VERSION = 5.0;
				TARGETED_DEVICE_FAMILY = "1,2";
			};
			name = Debug;
		};
		93045A632264D33800FB3602 /* Release */ = {
			isa = XCBuildConfiguration;
			buildSettings = {
				ASSETCATALOG_COMPILER_APPICON_NAME = AppIcon;
				CODE_SIGN_STYLE = Automatic;
				DEVELOPMENT_TEAM = K97249KR63;
				INFOPLIST_FILE = PhotoAlbum/Info.plist;
				LD_RUNPATH_SEARCH_PATHS = (
					"$(inherited)",
					"@executable_path/Frameworks",
				);
				PRODUCT_BUNDLE_IDENTIFIER = com.pigman.PhotoAlbum;
				PRODUCT_NAME = "$(TARGET_NAME)";
				SWIFT_VERSION = 5.0;
				TARGETED_DEVICE_FAMILY = "1,2";
			};
			name = Release;
		};
/* End XCBuildConfiguration section */

/* Begin XCConfigurationList section */
		93045A4A2264D33700FB3602 /* Build configuration list for PBXProject "PhotoAlbum" */ = {
			isa = XCConfigurationList;
			buildConfigurations = (
				93045A5F2264D33800FB3602 /* Debug */,
				93045A602264D33800FB3602 /* Release */,
			);
			defaultConfigurationIsVisible = 0;
			defaultConfigurationName = Release;
		};
		93045A612264D33800FB3602 /* Build configuration list for PBXNativeTarget "PhotoAlbum" */ = {
			isa = XCConfigurationList;
			buildConfigurations = (
				93045A622264D33800FB3602 /* Debug */,
				93045A632264D33800FB3602 /* Release */,
			);
			defaultConfigurationIsVisible = 0;
			defaultConfigurationName = Release;
		};
/* End XCConfigurationList section */
	};
	rootObject = 93045A472264D33700FB3602 /* Project object */;
}
